
Microsoft Visual Studio Solution File, Format Version 12.00
# Visual Studio Version 17
VisualStudioVersion = 17.12.35527.113 d17.12
MinimumVisualStudioVersion = 10.0.40219.1
Project("{FAE04EC0-301F-11D3-BF4B-00C04F79EFBC}") = "expenses_tracker", "expenses_tracker\expenses_tracker.csproj", "{06EE300D-DF0C-4C66-8C42-07F2A6AAE138}"
EndProject
Project("{FAE04EC0-301F-11D3-BF4B-00C04F79EFBC}") = "ExpensesTracker.Tests", "ExpensesTracker.Tests\ExpensesTracker.Tests.csproj", "{739C8B59-4703-4D7B-93A8-66A6ACB794D7}"
EndProject
Global
	GlobalSection(SolutionConfigurationPlatforms) = preSolution
		Debug|Any CPU = Debug|Any CPU
		Release|Any CPU = Release|Any CPU
	EndGlobalSection
	GlobalSection(ProjectConfigurationPlatforms) = postSolution
		{06EE300D-DF0C-4C66-8C42-07F2A6AAE138}.Debug|Any CPU.ActiveCfg = Debug|Any CPU
		{06EE300D-DF0C-4C66-8C42-07F2A6AAE138}.Debug|Any CPU.Build.0 = Debug|Any CPU
		{06EE300D-DF0C-4C66-8C42-07F2A6AAE138}.Release|Any CPU.ActiveCfg = Release|Any CPU
		{06EE300D-DF0C-4C66-8C42-07F2A6AAE138}.Release|Any CPU.Build.0 = Release|Any CPU
		{739C8B59-4703-4D7B-93A8-66A6ACB794D7}.Debug|Any CPU.ActiveCfg = Debug|Any CPU
		{739C8B59-4703-4D7B-93A8-66A6ACB794D7}.Debug|Any CPU.Build.0 = Debug|Any CPU
		{739C8B59-4703-4D7B-93A8-66A6ACB794D7}.Release|Any CPU.ActiveCfg = Release|Any CPU
		{739C8B59-4703-4D7B-93A8-66A6ACB794D7}.Release|Any CPU.Build.0 = Release|Any CPU
	EndGlobalSection
	GlobalSection(SolutionProperties) = preSolution
		HideSolutionNode = FALSE
	EndGlobalSection
EndGlobal
